
Microsoft Visual Studio Solution File, Format Version 12.00
# Visual Studio Version 17
VisualStudioVersion = 17.0.32112.339
MinimumVisualStudioVersion = 10.0.40219.1
Project("{F184B08F-C81C-45F6-A57F-5ABD9991F28F}") = "FairyDatabase", "FairyDatabase.vbproj", "{2C333F6E-3D5B-4ED3-A982-54C4E8ED855A}"
EndProject
Project("{F184B08F-C81C-45F6-A57F-5ABD9991F28F}") = "Test", "Test\Test\Test.vbproj", "{1B4946C3-80E3-4E66-AE54-30EAD2740DAF}"
EndProject
Global
	GlobalSection(SolutionConfigurationPlatforms) = preSolution
		Debug|Any CPU = Debug|Any CPU
		Release|Any CPU = Release|Any CPU
	EndGlobalSection
	GlobalSection(ProjectConfigurationPlatforms) = postSolution
		{2C333F6E-3D5B-4ED3-A982-54C4E8ED855A}.Debug|Any CPU.ActiveCfg = Debug|Any CPU
		{2C333F6E-3D5B-4ED3-A982-54C4E8ED855A}.Debug|Any CPU.Build.0 = Debug|Any CPU
		{2C333F6E-3D5B-4ED3-A982-54C4E8ED855A}.Release|Any CPU.ActiveCfg = Release|Any CPU
		{2C333F6E-3D5B-4ED3-A982-54C4E8ED855A}.Release|Any CPU.Build.0 = Release|Any CPU
		{1B4946C3-80E3-4E66-AE54-30EAD2740DAF}.Debug|Any CPU.ActiveCfg = Debug|Any CPU
		{1B4946C3-80E3-4E66-AE54-30EAD2740DAF}.Debug|Any CPU.Build.0 = Debug|Any CPU
		{1B4946C3-80E3-4E66-AE54-30EAD2740DAF}.Release|Any CPU.ActiveCfg = Release|Any CPU
		{1B4946C3-80E3-4E66-AE54-30EAD2740DAF}.Release|Any CPU.Build.0 = Release|Any CPU
	EndGlobalSection
	GlobalSection(SolutionProperties) = preSolution
		HideSolutionNode = FALSE
	EndGlobalSection
	GlobalSection(ExtensibilityGlobals) = postSolution
		SolutionGuid = {BAADAB9F-69B5-44A7-AF82-015DA992A226}
	EndGlobalSection
EndGlobal
